PODS:
  - Login (0.1.0)
  - Register (0.1.0)

DEPENDENCIES:
  - Login (from `DevPods/Login`)
  - Register (from `DevPods/Register`)

EXTERNAL SOURCES:
  Login:
    :path: DevPods/Login
  Register:
    :path: DevPods/Register

SPEC CHECKSUMS:
  Login: a0bd655eac89ff8a71351e34b5bf034f04c858b6
  Register: 265ce363a86e245d29e1db63d5d27c55a60bfb31

PODFILE CHECKSUM: 51759683f004e43c36438758ebb033789410439d

COCOAPODS: 1.10.0
